lockfileVersion: '6.0'

settings:
  autoInstallPeers: true
  excludeLinksFromLockfile: false

dependencies:
  rc-tween-one:
    specifier: ^3.0.6
    version: 3.0.6(react-dom@18.2.0)(react@18.2.0)

packages:

  /@babel/runtime@7.22.5:
    resolution: {integrity: sha512-ecjvYlnAaZ/KVneE/OdKYBYfgXV3Ptu6zQWmgEF7vwKhQnvVS6bjMD2XYgj+SNvQ1GfK/pjgokfPkC/2CO8CuA==}
    engines: {node: '>=6.9.0'}
    dependencies:
      regenerator-runtime: 0.13.11
    dev: false

  /commander@2.20.3:
    resolution: {integrity: sha512-GpVkmM8vF2vQUkj2LvZmD35JxeJOLCwJ9cUkugyk2nuhbv3+mJvpLYYt+0+USMxE+oj+ey/lJEnhZw75x/OMcQ==}
    dev: false

  /d3-array@1.2.4:
    resolution: {integrity: sha512-KHW6M86R+FUPYGb3R5XiYjXPq7VzwxZ22buHhAEVG5ztoEcZZMLov530mmccaqA1GghZArjQV46fuc8kUqhhHw==}
    dev: false

  /d3-polygon@1.0.6:
    resolution: {integrity: sha512-k+RF7WvI08PC8reEoXa/w2nSg5AUMTi+peBD9cmFc+0ixHfbs4QmxxkarVal1IkVkgxVuk9JSHhJURHiyHKAuQ==}
    dev: false

  /earcut@2.2.4:
    resolution: {integrity: sha512-/pjZsA1b4RPHbeWZQn66SWS8nZZWLQQ23oE3Eam7aroEFGEvwKAsJfZ9ytiEMycfzXWpca4FA9QIOehf7PocBQ==}
    dev: false

  /flubber@0.4.2:
    resolution: {integrity: sha512-79RkJe3rA4nvRCVc2uXjj7U/BAUq84TS3KHn6c0Hr9K64vhj83ZNLUziNx4pJoBumSPhOl5VjH+Z0uhi+eE8Uw==}
    dependencies:
      d3-array: 1.2.4
      d3-polygon: 1.0.6
      earcut: 2.2.4
      svg-path-properties: 0.2.2
      svgpath: 2.6.0
      topojson-client: 3.1.0
    dev: false

  /js-tokens@4.0.0:
    resolution: {integrity: sha512-RdJUflcE3cUzKiMqQgsCu06FPu9UdIJO0beYbPhHN4k6apgJtifcoCtT9bcxOpYBtpD2kCM6Sbzg4CausW/PKQ==}
    dev: false

  /loose-envify@1.4.0:
    resolution: {integrity: sha512-lyuxPGr/Wfhrlem2CL/UcnUc1zcqKAImBDzukY7Y5F/yQiNdko6+fRLevlw1HgMySw7f611UIY408EtxRSoK3Q==}
    hasBin: true
    dependencies:
      js-tokens: 4.0.0
    dev: false

  /performance-now@2.1.0:
    resolution: {integrity: sha512-7EAHlyLHI56VEIdK57uwHdHKIaAGbnXPiw0yWbarQZOKaKpvUIgW0jWRVLiatnM+XXlSwsanIBH/hzGMJulMow==}
    dev: false

  /raf@3.4.1:
    resolution: {integrity: sha512-Sq4CW4QhwOHE8ucn6J34MqtZCeWFP2aQSmrlroYgqAV1PjStIhJXxYuTgUIfkEk7zTLjmIjLmU5q+fbD1NnOJA==}
    dependencies:
      performance-now: 2.1.0
    dev: false

  /rc-tween-one@3.0.6(react-dom@18.2.0)(react@18.2.0):
    resolution: {integrity: sha512-5zTSXyyv7bahDBQ/kJw/kNxxoBqTouttoelw8FOVOyWqmTMndizJEpvaj1N+yES5Xjss6Y2iVw+9vSJQZE8Z6g==}
    engines: {node: '>=8.x'}
    peerDependencies:
      react: '>=16.9.0'
      react-dom: '>=16.9.0'
    dependencies:
      '@babel/runtime': 7.22.5
      react: 18.2.0
      react-dom: 18.2.0(react@18.2.0)
      style-utils: 0.3.8
      tween-one: 1.2.6
    dev: false

  /react-dom@18.2.0(react@18.2.0):
    resolution: {integrity: sha512-6IMTriUmvsjHUjNtEDudZfuDQUoWXVxKHhlEGSk81n4YFS+r/Kl99wXiwlVXtPBtJenozv2P+hxDsw9eA7Xo6g==}
    peerDependencies:
      react: ^18.2.0
    dependencies:
      loose-envify: 1.4.0
      react: 18.2.0
      scheduler: 0.23.0
    dev: false

  /react@18.2.0:
    resolution: {integrity: sha512-/3IjMdb2L9QbBdWiW5e3P2/npwMBaU9mHCSCUzNln0ZCYbcfTsGbTJrU/kGemdH2IWmB2ioZ+zkxtmq6g09fGQ==}
    engines: {node: '>=0.10.0'}
    dependencies:
      loose-envify: 1.4.0
    dev: false

  /regenerator-runtime@0.13.11:
    resolution: {integrity: sha512-kY1AZVr2Ra+t+piVaJ4gxaFaReZVH40AKNo7UCX6W+dEwBo/2oZJzqfuN1qLq1oL45o56cPaTXELwrTh8Fpggg==}
    dev: false

  /scheduler@0.23.0:
    resolution: {integrity: sha512-CtuThmgHNg7zIZWAXi3AsyIzA3n4xx7aNyjwC2VJldO2LMVDhFK+63xGqq6CsJH4rTAt6/M+N4GhZiDYPx9eUw==}
    dependencies:
      loose-envify: 1.4.0
    dev: false

  /style-utils@0.3.8:
    resolution: {integrity: sha512-RmGftIhY4tqtD1ERwKsVEDlt/M6UyxN/rcr95UmlooWmhtL0RwVUYJkpo1kSx3ppd9/JZzbknhy742zbMAawjQ==}
    dev: false

  /svg-path-properties@0.2.2:
    resolution: {integrity: sha512-GmrB+b6woz6CCdQe6w1GHs/1lt25l7SR5hmhF8jRdarpv/OgjLyuQygLu1makJapixeb1aQhP/Oa1iKi93o/aQ==}
    dev: false

  /svg-path-properties@1.2.0:
    resolution: {integrity: sha512-MWN8NqNHWwNvYlepv6ui9T9KpRCqogprBuTTDLWztvjSljvhjyNCGJ6EynyAqUwteM5iRXhMl8arGDtcE7eIwQ==}
    dev: false

  /svgpath@2.6.0:
    resolution: {integrity: sha512-OIWR6bKzXvdXYyO4DK/UWa1VA1JeKq8E+0ug2DG98Y/vOmMpfZNj+TIG988HjfYSqtcy/hFOtZq/n/j5GSESNg==}
    dev: false

  /topojson-client@3.1.0:
    resolution: {integrity: sha512-605uxS6bcYxGXw9qi62XyrV6Q3xwbndjachmNxu8HWTtVPxZfEJN9fd/SZS1Q54Sn2y0TMyMxFj/cJINqGHrKw==}
    hasBin: true
    dependencies:
      commander: 2.20.3
    dev: false

  /tween-functions@1.2.0:
    resolution: {integrity: sha512-PZBtLYcCLtEcjL14Fzb1gSxPBeL7nWvGhO5ZFPGqziCcr8uvHp0NDmdjBchp6KHL+tExcg0m3NISmKxhU394dA==}
    dev: false

  /tween-one@1.2.6:
    resolution: {integrity: sha512-kYtWWsZNX5CZvPa5bJsHb5PL9PouhFckiaBaz11Lib4/pMqx9S7M65AYpBam7Di/QslpWJHlqWkjtmtDJNUMqA==}
    dependencies:
      '@babel/runtime': 7.22.5
      flubber: 0.4.2
      raf: 3.4.1
      style-utils: 0.3.8
      svg-path-properties: 1.2.0
      tween-functions: 1.2.0
    dev: false
